
Microsoft Visual Studio Solution File, Format Version 12.00
# Visual Studio Version 17
VisualStudioVersion = 17.14.36408.4 d17.14
MinimumVisualStudioVersion = 10.0.40219.1
Project("{FAE04EC0-301F-11D3-BF4B-00C04F79EFBC}") = "RedisSessionManager", "RedisSessionManager\RedisSessionManager.csproj", "{EC97611C-E89D-4373-B081-3C923FF664B3}"
EndProject
Global
	GlobalSection(SolutionConfigurationPlatforms) = preSolution
		Debug|Any CPU = Debug|Any CPU
		Release|Any CPU = Release|Any CPU
	EndGlobalSection
	GlobalSection(ProjectConfigurationPlatforms) = postSolution
		{EC97611C-E89D-4373-B081-3C923FF664B3}.Debug|Any CPU.ActiveCfg = Debug|Any CPU
		{EC97611C-E89D-4373-B081-3C923FF664B3}.Debug|Any CPU.Build.0 = Debug|Any CPU
		{EC97611C-E89D-4373-B081-3C923FF664B3}.Release|Any CPU.ActiveCfg = Release|Any CPU
		{EC97611C-E89D-4373-B081-3C923FF664B3}.Release|Any CPU.Build.0 = Release|Any CPU
	EndGlobalSection
	GlobalSection(SolutionProperties) = preSolution
		HideSolutionNode = FALSE
	EndGlobalSection
	GlobalSection(ExtensibilityGlobals) = postSolution
		SolutionGuid = {40B71E33-77C8-44EA-9DBF-3B0C265C6C2C}
	EndGlobalSection
EndGlobal
